<?xml version="1.0" encoding="UTF-8" standalone="yes" ?>
<CodeBlocks_project_file>
	<FileVersion major="1" minor="6" />
	<Project>
		<Option title="MDCVis" />
		<Option execution_dir="../aplicacion" />
		<Option pch_mode="2" />
		<Option compiler="gcc" />
		<Option virtualFolders="Headers/;" />
		<Build>
			<Target title="Debug">
				<Option output="bin/Debug/MDCVis" prefix_auto="1" extension_auto="1" />
				<Option working_dir="../aplicacion" />
				<Option object_output="obj/Debug/" />
				<Option type="1" />
				<Option compiler="gcc" />
				<Option projectCompilerOptionsRelation="1" />
				<Option projectLinkerOptionsRelation="1" />
				<Option projectIncludeDirsRelation="1" />
				<Compiler>
					<Add option="-Wall" />
					<Add option="-g" />
					<Add option="-D _DEBUG" />
					<Add directory="../include" />
					<Add directory="/usr/X11R6/include" />
				</Compiler>
				<Linker>
					<Add option="-lIrrlicht -lGL -lXxf86vm -lXext -lX11 -lXcursor" />
					<Add directory="../lib/Linux" />
					<Add directory="/usr/x11R6/lib" />
				</Linker>
			</Target>
			<Target title="Release">
				<Option output="bin/Release/MDCVis" prefix_auto="1" extension_auto="1" />
				<Option working_dir="../aplicacion" />
				<Option object_output="obj/Release/" />
				<Option type="0" />
				<Option compiler="gcc" />
				<Option projectCompilerOptionsRelation="1" />
				<Option projectLinkerOptionsRelation="1" />
				<Option projectIncludeDirsRelation="1" />
				<Compiler>
					<Add option="-O3" />
					<Add option="-ffast-math" />
					<Add directory="../include" />
					<Add directory="/usr/X11R6/include" />
				</Compiler>
				<Linker>
					<Add option="-s" />
					<Add option="-lIrrlicht -lGL -lXxf86vm -lXext -lX11 -lXcursor" />
					<Add directory="../lib/Linux" />
					<Add directory="/usr/x11R6/lib" />
				</Linker>
			</Target>
		</Build>
		<Compiler>
			<Add option="-Wall" />
			<Add directory="/home/local/CIENS/miky/Dropbox/Servicio Comunitario/Software/include" />
		</Compiler>
		<Unit filename="Application.cpp" />
		<Unit filename="Application.h" />
		<Unit filename="main.cpp" />
		<Extensions>
			<code_completion />
			<debugger />
		</Extensions>
	</Project>
</CodeBlocks_project_file>
